// !$*UTF8*$!
{
	archiveVersion = 1;
	classes = {
	};
	objectVersion = 46;
	objects = {

/* Begin PBXBuildFile section */
		6463816B1E51F6600000C5F1 /* main.m in Sources */ = {isa = PBXBuildFile; fileRef = 6463816A1E51F6600000C5F1 /* main.m */; };
		6463816E1E51F6600000C5F1 /* AppDelegate.m in Sources */ = {isa = PBXBuildFile; fileRef = 6463816D1E51F6600000C5F1 /* AppDelegate.m */; };
		646381711E51F6600000C5F1 /* StopwatchController.m in Sources */ = {isa = PBXBuildFile; fileRef = 646381701E51F6600000C5F1 /* StopwatchController.m */; };
		646381741E51F6600000C5F1 /* TimerController.m in Sources */ = {isa = PBXBuildFile; fileRef = 646381731E51F6600000C5F1 /* TimerController.m */; };
		646381771E51F6600000C5F1 /* Main.storyboard in Resources */ = {isa = PBXBuildFile; fileRef = 646381751E51F6600000C5F1 /* Main.storyboard */; };
		646381791E51F6600000C5F1 /* Assets.xcassets in Resources */ = {isa = PBXBuildFile; fileRef = 646381781E51F6600000C5F1 /* Assets.xcassets */; };
		6463817C1E51F6600000C5F1 /* LaunchScreen.storyboard in Resources */ = {isa = PBXBuildFile; fileRef = 6463817A1E51F6600000C5F1 /* LaunchScreen.storyboard */; };
		646381871E51F6600000C5F1 /* StopwatchTests.m in Sources */ = {isa = PBXBuildFile; fileRef = 646381861E51F6600000C5F1 /* StopwatchTests.m */; };
		646381921E51F6600000C5F1 /* StopwatchUITests.m in Sources */ = {isa = PBXBuildFile; fileRef = 646381911E51F6600000C5F1 /* StopwatchUITests.m */; };
		646381A11E51FF400000C5F1 /* AnalogStopwatchView.m in Sources */ = {isa = PBXBuildFile; fileRef = 646381A01E51FF400000C5F1 /* AnalogStopwatchView.m */; };
/* End PBXBuildFile section */

/* Begin PBXContainerItemProxy section */
		646381831E51F6600000C5F1 /* PBXContainerItemProxy */ = {
			isa = PBXContainerItemProxy;
			containerPortal = 6463815E1E51F65F0000C5F1 /* Project object */;
			proxyType = 1;
			remoteGlobalIDString = 646381651E51F65F0000C5F1;
			remoteInfo = Stopwatch;
		};
		6463818E1E51F6600000C5F1 /* PBXContainerItemProxy */ = {
			isa = PBXContainerItemProxy;
			containerPortal = 6463815E1E51F65F0000C5F1 /* Project object */;
			proxyType = 1;
			remoteGlobalIDString = 646381651E51F65F0000C5F1;
			remoteInfo = Stopwatch;
		};
/* End PBXContainerItemProxy section */

/* Begin PBXFileReference section */
		646381661E51F6600000C5F1 /* Stopwatch.app */ = {isa = PBXFileReference; explicitFileType = wrapper.application; includeInIndex = 0; path = Stopwatch.app; sourceTree = BUILT_PRODUCTS_DIR; };
		6463816A1E51F6600000C5F1 /* main.m */ = {isa = PBXFileReference; lastKnownFileType = sourcecode.c.objc; path = main.m; sourceTree = "<group>"; };
		6463816C1E51F6600000C5F1 /* AppDelegate.h */ = {isa = PBXFileReference; lastKnownFileType = sourcecode.c.h; path = AppDelegate.h; sourceTree = "<group>"; };
		6463816D1E51F6600000C5F1 /* AppDelegate.m */ = {isa = PBXFileReference; lastKnownFileType = sourcecode.c.objc; path = AppDelegate.m; sourceTree = "<group>"; };
		6463816F1E51F6600000C5F1 /* StopwatchController.h */ = {isa = PBXFileReference; lastKnownFileType = sourcecode.c.h; path = StopwatchController.h; sourceTree = "<group>"; };
		646381701E51F6600000C5F1 /* StopwatchController.m */ = {isa = PBXFileReference; lastKnownFileType = sourcecode.c.objc; path = StopwatchController.m; sourceTree = "<group>"; };
		646381721E51F6600000C5F1 /* TimerController.h */ = {isa = PBXFileReference; lastKnownFileType = sourcecode.c.h; path = TimerController.h; sourceTree = "<group>"; };
		646381731E51F6600000C5F1 /* TimerController.m */ = {isa = PBXFileReference; lastKnownFileType = sourcecode.c.objc; path = TimerController.m; sourceTree = "<group>"; };
		646381761E51F6600000C5F1 /* Base */ = {isa = PBXFileReference; lastKnownFileType = file.storyboard; name = Base; path = Base.lproj/Main.storyboard; sourceTree = "<group>"; };
		646381781E51F6600000C5F1 /* Assets.xcassets */ = {isa = PBXFileReference; lastKnownFileType = folder.assetcatalog; path = Assets.xcassets; sourceTree = "<group>"; };
		6463817B1E51F6600000C5F1 /* Base */ = {isa = PBXFileReference; lastKnownFileType = file.storyboard; name = Base; path = Base.lproj/LaunchScreen.storyboard; sourceTree = "<group>"; };
		6463817D1E51F6600000C5F1 /* Info.plist */ = {isa = PBXFileReference; lastKnownFileType = text.plist.xml; path = Info.plist; sourceTree = "<group>"; };
		646381821E51F6600000C5F1 /* StopwatchTests.xctest */ = {isa = PBXFileReference; explicitFileType = wrapper.cfbundle; includeInIndex = 0; path = StopwatchTests.xctest; sourceTree = BUILT_PRODUCTS_DIR; };
		646381861E51F6600000C5F1 /* StopwatchTests.m */ = {isa = PBXFileReference; lastKnownFileType = sourcecode.c.objc; path = StopwatchTests.m; sourceTree = "<group>"; };
		646381881E51F6600000C5F1 /* Info.plist */ = {isa = PBXFileReference; lastKnownFileType = text.plist.xml; path = Info.plist; sourceTree = "<group>"; };
		6463818D1E51F6600000C5F1 /* StopwatchUITests.xctest */ = {isa = PBXFileReference; explicitFileType = wrapper.cfbundle; includeInIndex = 0; path = StopwatchUITests.xctest; sourceTree = BUILT_PRODUCTS_DIR; };
		646381911E51F6600000C5F1 /* StopwatchUITests.m */ = {isa = PBXFileReference; lastKnownFileType = sourcecode.c.objc; path = StopwatchUITests.m; sourceTree = "<group>"; };
		646381931E51F6600000C5F1 /* Info.plist */ = {isa = PBXFileReference; lastKnownFileType = text.plist.xml; path = Info.plist; sourceTree = "<group>"; };
		6463819F1E51FF400000C5F1 /* AnalogStopwatchView.h */ = {isa = PBXFileReference; fileEncoding = 4; lastKnownFileType = sourcecode.c.h; path = AnalogStopwatchView.h; sourceTree = "<group>"; };
		646381A01E51FF400000C5F1 /* AnalogStopwatchView.m */ = {isa = PBXFileReference; fileEncoding = 4; lastKnownFileType = sourcecode.c.objc; path = AnalogStopwatchView.m; sourceTree = "<group>"; };
/* End PBXFileReference section */

/* Begin PBXFrameworksBuildPhase section */
		646381631E51F65F0000C5F1 /* Frameworks */ = {
			isa = PBXFrameworksBuildPhase;
			buildActionMask = 2147483647;
			files = (
			);
			runOnlyForDeploymentPostprocessing = 0;
		};
		6463817F1E51F6600000C5F1 /* Frameworks */ = {
			isa = PBXFrameworksBuildPhase;
			buildActionMask = 2147483647;
			files = (
			);
			runOnlyForDeploymentPostprocessing = 0;
		};
		6463818A1E51F6600000C5F1 /* Frameworks */ = {
			isa = PBXFrameworksBuildPhase;
			buildActionMask = 2147483647;
			files = (
			);
			runOnlyForDeploymentPostprocessing = 0;
		};
/* End PBXFrameworksBuildPhase section */

/* Begin PBXGroup section */
		6463815D1E51F65F0000C5F1 = {
			isa = PBXGroup;
			children = (
				646381681E51F6600000C5F1 /* Stopwatch */,
				646381851E51F6600000C5F1 /* StopwatchTests */,
				646381901E51F6600000C5F1 /* StopwatchUITests */,
				646381671E51F6600000C5F1 /* Products */,
			);
			sourceTree = "<group>";
		};
		646381671E51F6600000C5F1 /* Products */ = {
			isa = PBXGroup;
			children = (
				646381661E51F6600000C5F1 /* Stopwatch.app */,
				646381821E51F6600000C5F1 /* StopwatchTests.xctest */,
				6463818D1E51F6600000C5F1 /* StopwatchUITests.xctest */,
			);
			name = Products;
			sourceTree = "<group>";
		};
		646381681E51F6600000C5F1 /* Stopwatch */ = {
			isa = PBXGroup;
			children = (
				6463819F1E51FF400000C5F1 /* AnalogStopwatchView.h */,
				646381A01E51FF400000C5F1 /* AnalogStopwatchView.m */,
				6463816C1E51F6600000C5F1 /* AppDelegate.h */,
				6463816D1E51F6600000C5F1 /* AppDelegate.m */,
				6463816F1E51F6600000C5F1 /* StopwatchController.h */,
				646381701E51F6600000C5F1 /* StopwatchController.m */,
				646381721E51F6600000C5F1 /* TimerController.h */,
				646381731E51F6600000C5F1 /* TimerController.m */,
				646381751E51F6600000C5F1 /* Main.storyboard */,
				646381781E51F6600000C5F1 /* Assets.xcassets */,
				6463817A1E51F6600000C5F1 /* LaunchScreen.storyboard */,
				6463817D1E51F6600000C5F1 /* Info.plist */,
				646381691E51F6600000C5F1 /* Supporting Files */,
			);
			path = Stopwatch;
			sourceTree = "<group>";
		};
		646381691E51F6600000C5F1 /* Supporting Files */ = {
			isa = PBXGroup;
			children = (
				6463816A1E51F6600000C5F1 /* main.m */,
			);
			name = "Supporting Files";
			sourceTree = "<group>";
		};
		646381851E51F6600000C5F1 /* StopwatchTests */ = {
			isa = PBXGroup;
			children = (
				646381861E51F6600000C5F1 /* StopwatchTests.m */,
				646381881E51F6600000C5F1 /* Info.plist */,
			);
			path = StopwatchTests;
			sourceTree = "<group>";
		};
		646381901E51F6600000C5F1 /* StopwatchUITests */ = {
			isa = PBXGroup;
			children = (
				646381911E51F6600000C5F1 /* StopwatchUITests.m */,
				646381931E51F6600000C5F1 /* Info.plist */,
			);
			path = StopwatchUITests;
			sourceTree = "<group>";
		};
/* End PBXGroup section */

/* Begin PBXNativeTarget section */
		646381651E51F65F0000C5F1 /* Stopwatch */ = {
			isa = PBXNativeTarget;
			buildConfigurationList = 646381961E51F6600000C5F1 /* Build configuration list for PBXNativeTarget "Stopwatch" */;
			buildPhases = (
				646381621E51F65F0000C5F1 /* Sources */,
				646381631E51F65F0000C5F1 /* Frameworks */,
				646381641E51F65F0000C5F1 /* Resources */,
			);
			buildRules = (
			);
			dependencies = (
			);
			name = Stopwatch;
			productName = Stopwatch;
			productReference = 646381661E51F6600000C5F1 /* Stopwatch.app */;
			productType = "com.apple.product-type.application";
		};
		646381811E51F6600000C5F1 /* StopwatchTests */ = {
			isa = PBXNativeTarget;
			buildConfigurationList = 646381991E51F6600000C5F1 /* Build configuration list for PBXNativeTarget "StopwatchTests" */;
			buildPhases = (
				6463817E1E51F6600000C5F1 /* Sources */,
				6463817F1E51F6600000C5F1 /* Frameworks */,
				646381801E51F6600000C5F1 /* Resources */,
			);
			buildRules = (
			);
			dependencies = (
				646381841E51F6600000C5F1 /* PBXTargetDependency */,
			);
			name = StopwatchTests;
			productName = StopwatchTests;
			productReference = 646381821E51F6600000C5F1 /* StopwatchTests.xctest */;
			productType = "com.apple.product-type.bundle.unit-test";
		};
		6463818C1E51F6600000C5F1 /* StopwatchUITests */ = {
			isa = PBXNativeTarget;
			buildConfigurationList = 6463819C1E51F6600000C5F1 /* Build configuration list for PBXNativeTarget "StopwatchUITests" */;
			buildPhases = (
				646381891E51F6600000C5F1 /* Sources */,
				6463818A1E51F6600000C5F1 /* Frameworks */,
				6463818B1E51F6600000C5F1 /* Resources */,
			);
			buildRules = (
			);
			dependencies = (
				6463818F1E51F6600000C5F1 /* PBXTargetDependency */,
			);
			name = StopwatchUITests;
			productName = StopwatchUITests;
			productReference = 6463818D1E51F6600000C5F1 /* StopwatchUITests.xctest */;
			productType = "com.apple.product-type.bundle.ui-testing";
		};
/* End PBXNativeTarget section */

/* Begin PBXProject section */
		6463815E1E51F65F0000C5F1 /* Project object */ = {
			isa = PBXProject;
			attributes = {
				LastUpgradeCheck = 0820;
				ORGANIZATIONNAME = "Telegraph Studios";
				TargetAttributes = {
					646381651E51F65F0000C5F1 = {
						CreatedOnToolsVersion = 8.2.1;
						DevelopmentTeam = M7KLY4LSCG;
						ProvisioningStyle = Automatic;
					};
					646381811E51F6600000C5F1 = {
						CreatedOnToolsVersion = 8.2.1;
						DevelopmentTeam = M7KLY4LSCG;
						ProvisioningStyle = Automatic;
						TestTargetID = 646381651E51F65F0000C5F1;
					};
					6463818C1E51F6600000C5F1 = {
						CreatedOnToolsVersion = 8.2.1;
						DevelopmentTeam = M7KLY4LSCG;
						ProvisioningStyle = Automatic;
						TestTargetID = 646381651E51F65F0000C5F1;
					};
				};
			};
			buildConfigurationList = 646381611E51F65F0000C5F1 /* Build configuration list for PBXProject "Stopwatch" */;
			compatibilityVersion = "Xcode 3.2";
			developmentRegion = English;
			hasScannedForEncodings = 0;
			knownRegions = (
				en,
				Base,
			);
			mainGroup = 6463815D1E51F65F0000C5F1;
			productRefGroup = 646381671E51F6600000C5F1 /* Products */;
			projectDirPath = "";
			projectRoot = "";
			targets = (
				646381651E51F65F0000C5F1 /* Stopwatch */,
				646381811E51F6600000C5F1 /* StopwatchTests */,
				6463818C1E51F6600000C5F1 /* StopwatchUITests */,
			);
		};
/* End PBXProject section */

/* Begin PBXResourcesBuildPhase section */
		646381641E51F65F0000C5F1 /* Resources */ = {
			isa = PBXResourcesBuildPhase;
			buildActionMask = 2147483647;
			files = (
				6463817C1E51F6600000C5F1 /* LaunchScreen.storyboard in Resources */,
				646381791E51F6600000C5F1 /* Assets.xcassets in Resources */,
				646381771E51F6600000C5F1 /* Main.storyboard in Resources */,
			);
			runOnlyForDeploymentPostprocessing = 0;
		};
		646381801E51F6600000C5F1 /* Resources */ = {
			isa = PBXResourcesBuildPhase;
			buildActionMask = 2147483647;
			files = (
			);
			runOnlyForDeploymentPostprocessing = 0;
		};
		6463818B1E51F6600000C5F1 /* Resources */ = {
			isa = PBXResourcesBuildPhase;
			buildActionMask = 2147483647;
			files = (
			);
			runOnlyForDeploymentPostprocessing = 0;
		};
/* End PBXResourcesBuildPhase section */

/* Begin PBXSourcesBuildPhase section */
		646381621E51F65F0000C5F1 /* Sources */ = {
			isa = PBXSourcesBuildPhase;
			buildActionMask = 2147483647;
			files = (
				646381741E51F6600000C5F1 /* TimerController.m in Sources */,
				646381A11E51FF400000C5F1 /* AnalogStopwatchView.m in Sources */,
				6463816E1E51F6600000C5F1 /* AppDelegate.m in Sources */,
				646381711E51F6600000C5F1 /* StopwatchController.m in Sources */,
				6463816B1E51F6600000C5F1 /* main.m in Sources */,
			);
			runOnlyForDeploymentPostprocessing = 0;
		};
		6463817E1E51F6600000C5F1 /* Sources */ = {
			isa = PBXSourcesBuildPhase;
			buildActionMask = 2147483647;
			files = (
				646381871E51F6600000C5F1 /* StopwatchTests.m in Sources */,
			);
			runOnlyForDeploymentPostprocessing = 0;
		};
		646381891E51F6600000C5F1 /* Sources */ = {
			isa = PBXSourcesBuildPhase;
			buildActionMask = 2147483647;
			files = (
				646381921E51F6600000C5F1 /* StopwatchUITests.m in Sources */,
			);
			runOnlyForDeploymentPostprocessing = 0;
		};
/* End PBXSourcesBuildPhase section */

/* Begin PBXTargetDependency section */
		646381841E51F6600000C5F1 /* PBXTargetDependency */ = {
			isa = PBXTargetDependency;
			target = 646381651E51F65F0000C5F1 /* Stopwatch */;
			targetProxy = 646381831E51F6600000C5F1 /* PBXContainerItemProxy */;
		};
		6463818F1E51F6600000C5F1 /* PBXTargetDependency */ = {
			isa = PBXTargetDependency;
			target = 646381651E51F65F0000C5F1 /* Stopwatch */;
			targetProxy = 6463818E1E51F6600000C5F1 /* PBXContainerItemProxy */;
		};
/* End PBXTargetDependency section */

/* Begin PBXVariantGroup section */
		646381751E51F6600000C5F1 /* Main.storyboard */ = {
			isa = PBXVariantGroup;
			children = (
				646381761E51F6600000C5F1 /* Base */,
			);
			name = Main.storyboard;
			sourceTree = "<group>";
		};
		6463817A1E51F6600000C5F1 /* LaunchScreen.storyboard */ = {
			isa = PBXVariantGroup;
			children = (
				6463817B1E51F6600000C5F1 /* Base */,
			);
			name = LaunchScreen.storyboard;
			sourceTree = "<group>";
		};
/* End PBXVariantGroup section */

/* Begin XCBuildConfiguration section */
		646381941E51F6600000C5F1 /* Debug */ = {
			isa = XCBuildConfiguration;
			buildSettings = {
				ALWAYS_SEARCH_USER_PATHS = NO;
				CLANG_ANALYZER_NONNULL = YES;
				CLANG_CXX_LANGUAGE_STANDARD = "gnu++0x";
				CLANG_CXX_LIBRARY = "libc++";
				CLANG_ENABLE_MODULES = YES;
				CLANG_ENABLE_OBJC_ARC = YES;
				CLANG_WARN_BOOL_CONVERSION = YES;
				CLANG_WARN_CONSTANT_CONVERSION = YES;
				CLANG_WARN_DIRECT_OBJC_ISA_USAGE = YES_ERROR;
				CLANG_WARN_DOCUMENTATION_COMMENTS = YES;
				CLANG_WARN_EMPTY_BODY = YES;
				CLANG_WARN_ENUM_CONVERSION = YES;
				CLANG_WARN_INFINITE_RECURSION = YES;
				CLANG_WARN_INT_CONVERSION = YES;
				CLANG_WARN_OBJC_ROOT_CLASS = YES_ERROR;
				CLANG_WARN_SUSPICIOUS_MOVE = YES;
				CLANG_WARN_UNREACHABLE_CODE = YES;
				CLANG_WARN__DUPLICATE_METHOD_MATCH = YES;
				"CODE_SIGN_IDENTITY[sdk=iphoneos*]" = "iPhone Developer";
				COPY_PHASE_STRIP = NO;
				DEBUG_INFORMATION_FORMAT = dwarf;
				ENABLE_STRICT_OBJC_MSGSEND = YES;
				ENABLE_TESTABILITY = YES;
				GCC_C_LANGUAGE_STANDARD = gnu99;
				GCC_DYNAMIC_NO_PIC = NO;
				GCC_NO_COMMON_BLOCKS = YES;
				GCC_OPTIMIZATION_LEVEL = 0;
				GCC_PREPROCESSOR_DEFINITIONS = (
					"DEBUG=1",
					"$(inherited)",
				);
				GCC_WARN_64_TO_32_BIT_CONVERSION = YES;
				GCC_WARN_ABOUT_RETURN_TYPE = YES_ERROR;
				GCC_WARN_UNDECLARED_SELECTOR = YES;
				GCC_WARN_UNINITIALIZED_AUTOS = YES_AGGRESSIVE;
				GCC_WARN_UNUSED_FUNCTION = YES;
				GCC_WARN_UNUSED_VARIABLE = YES;
				IPHONEOS_DEPLOYMENT_TARGET = 10.2;
				MTL_ENABLE_DEBUG_INFO = YES;
				ONLY_ACTIVE_ARCH = YES;
				SDKROOT = iphoneos;
			};
			name = Debug;
		};
		646381951E51F6600000C5F1 /* Release */ = {
			isa = XCBuildConfiguration;
			buildSettings = {
				ALWAYS_SEARCH_USER_PATHS = NO;
				CLANG_ANALYZER_NONNULL = YES;
				CLANG_CXX_LANGUAGE_STANDARD = "gnu++0x";
				CLANG_CXX_LIBRARY = "libc++";
				CLANG_ENABLE_MODULES = YES;
				CLANG_ENABLE_OBJC_ARC = YES;
				CLANG_WARN_BOOL_CONVERSION = YES;
				CLANG_WARN_CONSTANT_CONVERSION = YES;
				CLANG_WARN_DIRECT_OBJC_ISA_USAGE = YES_ERROR;
				CLANG_WARN_DOCUMENTATION_COMMENTS = YES;
				CLANG_WARN_EMPTY_BODY = YES;
				CLANG_WARN_ENUM_CONVERSION = YES;
				CLANG_WARN_INFINITE_RECURSION = YES;
				CLANG_WARN_INT_CONVERSION = YES;
				CLANG_WARN_OBJC_ROOT_CLASS = YES_ERROR;
				CLANG_WARN_SUSPICIOUS_MOVE = YES;
				CLANG_WARN_UNREACHABLE_CODE = YES;
				CLANG_WARN__DUPLICATE_METHOD_MATCH = YES;
				"CODE_SIGN_IDENTITY[sdk=iphoneos*]" = "iPhone Developer";
				COPY_PHASE_STRIP = NO;
				DEBUG_INFORMATION_FORMAT = "dwarf-with-dsym";
				ENABLE_NS_ASSERTIONS = NO;
				ENABLE_STRICT_OBJC_MSGSEND = YES;
				GCC_C_LANGUAGE_STANDARD = gnu99;
				GCC_NO_COMMON_BLOCKS = YES;
				GCC_WARN_64_TO_32_BIT_CONVERSION = YES;
				GCC_WARN_ABOUT_RETURN_TYPE = YES_ERROR;
				GCC_WARN_UNDECLARED_SELECTOR = YES;
				GCC_WARN_UNINITIALIZED_AUTOS = YES_AGGRESSIVE;
				GCC_WARN_UNUSED_FUNCTION = YES;
				GCC_WARN_UNUSED_VARIABLE = YES;
				IPHONEOS_DEPLOYMENT_TARGET = 10.2;
				MTL_ENABLE_DEBUG_INFO = NO;
				SDKROOT = iphoneos;
				VALIDATE_PRODUCT = YES;
			};
			name = Release;
		};
		646381971E51F6600000C5F1 /* Debug */ = {
			isa = XCBuildConfiguration;
			buildSettings = {
				ASSETCATALOG_COMPILER_APPICON_NAME = AppIcon;
				DEVELOPMENT_TEAM = M7KLY4LSCG;
				INFOPLIST_FILE = Stopwatch/Info.plist;
				LD_RUNPATH_SEARCH_PATHS = "$(inherited) @executable_path/Frameworks";
				PRODUCT_BUNDLE_IDENTIFIER = TelegraphStudios.Stopwatch;
				PRODUCT_NAME = "$(TARGET_NAME)";
			};
			name = Debug;
		};
		646381981E51F6600000C5F1 /* Release */ = {
			isa = XCBuildConfiguration;
			buildSettings = {
				ASSETCATALOG_COMPILER_APPICON_NAME = AppIcon;
				DEVELOPMENT_TEAM = M7KLY4LSCG;
				INFOPLIST_FILE = Stopwatch/Info.plist;
				LD_RUNPATH_SEARCH_PATHS = "$(inherited) @executable_path/Frameworks";
				PRODUCT_BUNDLE_IDENTIFIER = TelegraphStudios.Stopwatch;
				PRODUCT_NAME = "$(TARGET_NAME)";
			};
			name = Release;
		};
		6463819A1E51F6600000C5F1 /* Debug */ = {
			isa = XCBuildConfiguration;
			buildSettings = {
				BUNDLE_LOADER = "$(TEST_HOST)";
				DEVELOPMENT_TEAM = M7KLY4LSCG;
				INFOPLIST_FILE = StopwatchTests/Info.plist;
				LD_RUNPATH_SEARCH_PATHS = "$(inherited) @executable_path/Frameworks @loader_path/Frameworks";
				PRODUCT_BUNDLE_IDENTIFIER = TelegraphStudios.StopwatchTests;
				PRODUCT_NAME = "$(TARGET_NAME)";
				TEST_HOST = "$(BUILT_PRODUCTS_DIR)/Stopwatch.app/Stopwatch";
			};
			name = Debug;
		};
		6463819B1E51F6600000C5F1 /* Release */ = {
			isa = XCBuildConfiguration;
			buildSettings = {
				BUNDLE_LOADER = "$(TEST_HOST)";
				DEVELOPMENT_TEAM = M7KLY4LSCG;
				INFOPLIST_FILE = StopwatchTests/Info.plist;
				LD_RUNPATH_SEARCH_PATHS = "$(inherited) @executable_path/Frameworks @loader_path/Frameworks";
				PRODUCT_BUNDLE_IDENTIFIER = TelegraphStudios.StopwatchTests;
				PRODUCT_NAME = "$(TARGET_NAME)";
				TEST_HOST = "$(BUILT_PRODUCTS_DIR)/Stopwatch.app/Stopwatch";
			};
			name = Release;
		};
		6463819D1E51F6600000C5F1 /* Debug */ = {
			isa = XCBuildConfiguration;
			buildSettings = {
				DEVELOPMENT_TEAM = M7KLY4LSCG;
				INFOPLIST_FILE = StopwatchUITests/Info.plist;
				LD_RUNPATH_SEARCH_PATHS = "$(inherited) @executable_path/Frameworks @loader_path/Frameworks";
				PRODUCT_BUNDLE_IDENTIFIER = TelegraphStudios.StopwatchUITests;
				PRODUCT_NAME = "$(TARGET_NAME)";
				TEST_TARGET_NAME = Stopwatch;
			};
			name = Debug;
		};
		6463819E1E51F6600000C5F1 /* Release */ = {
			isa = XCBuildConfiguration;
			buildSettings = {
				DEVELOPMENT_TEAM = M7KLY4LSCG;
				INFOPLIST_FILE = StopwatchUITests/Info.plist;
				LD_RUNPATH_SEARCH_PATHS = "$(inherited) @executable_path/Frameworks @loader_path/Frameworks";
				PRODUCT_BUNDLE_IDENTIFIER = TelegraphStudios.StopwatchUITests;
				PRODUCT_NAME = "$(TARGET_NAME)";
				TEST_TARGET_NAME = Stopwatch;
			};
			name = Release;
		};
/* End XCBuildConfiguration section */

/* Begin XCConfigurationList section */
		646381611E51F65F0000C5F1 /* Build configuration list for PBXProject "Stopwatch" */ = {
			isa = XCConfigurationList;
			buildConfigurations = (
				646381941E51F6600000C5F1 /* Debug */,
				646381951E51F6600000C5F1 /* Release */,
			);
			defaultConfigurationIsVisible = 0;
			defaultConfigurationName = Release;
		};
		646381961E51F6600000C5F1 /* Build configuration list for PBXNativeTarget "Stopwatch" */ = {
			isa = XCConfigurationList;
			buildConfigurations = (
				646381971E51F6600000C5F1 /* Debug */,
				646381981E51F6600000C5F1 /* Release */,
			);
			defaultConfigurationIsVisible = 0;
		};
		646381991E51F6600000C5F1 /* Build configuration list for PBXNativeTarget "StopwatchTests" */ = {
			isa = XCConfigurationList;
			buildConfigurations = (
				6463819A1E51F6600000C5F1 /* Debug */,
				6463819B1E51F6600000C5F1 /* Release */,
			);
			defaultConfigurationIsVisible = 0;
		};
		6463819C1E51F6600000C5F1 /* Build configuration list for PBXNativeTarget "StopwatchUITests" */ = {
			isa = XCConfigurationList;
			buildConfigurations = (
				6463819D1E51F6600000C5F1 /* Debug */,
				6463819E1E51F6600000C5F1 /* Release */,
			);
			defaultConfigurationIsVisible = 0;
		};
/* End XCConfigurationList section */
	};
	rootObject = 6463815E1E51F65F0000C5F1 /* Project object */;
}
